
Microsoft Visual Studio Solution File, Format Version 12.00
# Visual Studio 15
VisualStudioVersion = 15.0.28307.572
MinimumVisualStudioVersion = 10.0.40219.1
Project("{FAE04EC0-301F-11D3-BF4B-00C04F79EFBC}") = "KittingMst 2", "KittingMst 2\KittingMst 2.csproj", "{1942347A-DCEA-429F-8A3B-90C1D34FF6B2}"
EndProject
Project("{FAE04EC0-301F-11D3-BF4B-00C04F79EFBC}") = "MST.MES", "..\MST.MES\MST.MES\MST.MES.csproj", "{3A75370E-11B7-4582-A6AF-73CAF3A9E997}"
EndProject
Project("{FAE04EC0-301F-11D3-BF4B-00C04F79EFBC}") = "Graffiti.MST", "..\Graffiti.MST\Graffiti.MST\Graffiti.MST.csproj", "{C33F6B02-F8B4-4040-AE28-E30767D8A480}"
EndProject
Global
	GlobalSection(SolutionConfigurationPlatforms) = preSolution
		Debug|Any CPU = Debug|Any CPU
		Release|Any CPU = Release|Any CPU
	EndGlobalSection
	GlobalSection(ProjectConfigurationPlatforms) = postSolution
		{1942347A-DCEA-429F-8A3B-90C1D34FF6B2}.Debug|Any CPU.ActiveCfg = Debug|Any CPU
		{1942347A-DCEA-429F-8A3B-90C1D34FF6B2}.Debug|Any CPU.Build.0 = Debug|Any CPU
		{1942347A-DCEA-429F-8A3B-90C1D34FF6B2}.Release|Any CPU.ActiveCfg = Release|Any CPU
		{1942347A-DCEA-429F-8A3B-90C1D34FF6B2}.Release|Any CPU.Build.0 = Release|Any CPU
		{3A75370E-11B7-4582-A6AF-73CAF3A9E997}.Debug|Any CPU.ActiveCfg = Debug|Any CPU
		{3A75370E-11B7-4582-A6AF-73CAF3A9E997}.Debug|Any CPU.Build.0 = Debug|Any CPU
		{3A75370E-11B7-4582-A6AF-73CAF3A9E997}.Release|Any CPU.ActiveCfg = Release|Any CPU
		{3A75370E-11B7-4582-A6AF-73CAF3A9E997}.Release|Any CPU.Build.0 = Release|Any CPU
		{C33F6B02-F8B4-4040-AE28-E30767D8A480}.Debug|Any CPU.ActiveCfg = Debug|Any CPU
		{C33F6B02-F8B4-4040-AE28-E30767D8A480}.Debug|Any CPU.Build.0 = Debug|Any CPU
		{C33F6B02-F8B4-4040-AE28-E30767D8A480}.Release|Any CPU.ActiveCfg = Release|Any CPU
		{C33F6B02-F8B4-4040-AE28-E30767D8A480}.Release|Any CPU.Build.0 = Release|Any CPU
	EndGlobalSection
	GlobalSection(SolutionProperties) = preSolution
		HideSolutionNode = FALSE
	EndGlobalSection
	GlobalSection(ExtensibilityGlobals) = postSolution
		SolutionGuid = {24085145-5419-478B-BD02-01686C23ADD4}
	EndGlobalSection
EndGlobal
